
Microsoft Visual Studio Solution File, Format Version 12.00
# Visual Studio Version 16
VisualStudioVersion = 16.0.31613.86
MinimumVisualStudioVersion = 10.0.40219.1
Project("{FAE04EC0-301F-11D3-BF4B-00C04F79EFBC}") = "BreakContinueDemo", "BreakContinueDemo\BreakContinueDemo.csproj", "{99AECED9-E33D-4C67-A078-7E62581283D1}"
EndProject
Global
	GlobalSection(SolutionConfigurationPlatforms) = preSolution
		Debug|Any CPU = Debug|Any CPU
		Release|Any CPU = Release|Any CPU
	EndGlobalSection
	GlobalSection(ProjectConfigurationPlatforms) = postSolution
		{99AECED9-E33D-4C67-A078-7E62581283D1}.Debug|Any CPU.ActiveCfg = Debug|Any CPU
		{99AECED9-E33D-4C67-A078-7E62581283D1}.Debug|Any CPU.Build.0 = Debug|Any CPU
		{99AECED9-E33D-4C67-A078-7E62581283D1}.Release|Any CPU.ActiveCfg = Release|Any CPU
		{99AECED9-E33D-4C67-A078-7E62581283D1}.Release|Any CPU.Build.0 = Release|Any CPU
	EndGlobalSection
	GlobalSection(SolutionProperties) = preSolution
		HideSolutionNode = FALSE
	EndGlobalSection
	GlobalSection(ExtensibilityGlobals) = postSolution
		SolutionGuid = {BA35B935-E834-43F5-87F6-B46289E08E27}
	EndGlobalSection
EndGlobal
